
Microsoft Visual Studio Solution File, Format Version 12.00
# Visual Studio 14
VisualStudioVersion = 14.0.25420.1
MinimumVisualStudioVersion = 10.0.40219.1
Project("{FAE04EC0-301F-11D3-BF4B-00C04F79EFBC}") = "Week3_day4Class", "Week3_day4Class\Week3_day4Class.csproj", "{2BFE34E3-0367-4D37-9C57-93F03859DDEB}"
EndProject
Global
	GlobalSection(SolutionConfigurationPlatforms) = preSolution
		Debug|Any CPU = Debug|Any CPU
		Release|Any CPU = Release|Any CPU
	EndGlobalSection
	GlobalSection(ProjectConfigurationPlatforms) = postSolution
		{2BFE34E3-0367-4D37-9C57-93F03859DDEB}.Debug|Any CPU.ActiveCfg = Debug|Any CPU
		{2BFE34E3-0367-4D37-9C57-93F03859DDEB}.Debug|Any CPU.Build.0 = Debug|Any CPU
		{2BFE34E3-0367-4D37-9C57-93F03859DDEB}.Release|Any CPU.ActiveCfg = Release|Any CPU
		{2BFE34E3-0367-4D37-9C57-93F03859DDEB}.Release|Any CPU.Build.0 = Release|Any CPU
	EndGlobalSection
	GlobalSection(SolutionProperties) = preSolution
		HideSolutionNode = FALSE
	EndGlobalSection
EndGlobal
